{
  "lockfileVersion": 2,
  "configVersion": 1,
  "workspaces": {
    "": {
      "name": "nc",
      "devDependencies": {
        "@a2f0/agent-tool": "0.1.2",
      },
    },
  },
  "packages": {
    "@a2f0/agent-tool": ["@a2f0/agent-tool@0.1.2", "", { "bin": { "agent-tool": "src/index.ts" } }, "sha512-6DIwN5tQ//9QpWaONthodm1AlRxAmhov6wzVtKMiLEgd3I/TjRuxkN2qqfrWRgYDVEtb0wDmkJu68qdac1Toug=="],
  }
}
